# Generated by pub
# See https://dart.dev/tools/pub/glossary#lockfile
packages:
  _discoveryapis_commons:
    dependency: transitive
    description:
      name: _discoveryapis_commons
      sha256: "REDACTED_TOKEN"
      url: "https://pub.dev"
    source: hosted
    version: "1.0.7"
  _fe_analyzer_shared:
    dependency: transitive
    description:
      name: _fe_analyzer_shared
      sha256: "REDACTED_TOKEN"
      url: "https://pub.dev"
    source: hosted
    version: "76.0.0"
  _flutterfire_internals:
    dependency: transitive
    description:
      name: _flutterfire_internals
      sha256: "REDACTED_TOKEN"
      url: "https://pub.dev"
    source: hosted
    version: "1.3.57"
  _macros:
    dependency: transitive
    description: dart
    source: sdk
    version: "0.3.3"
  adaptive_number:
    dependency: transitive
    description:
      name: adaptive_number
      sha256: "REDACTED_TOKEN"
      url: "https://pub.dev"
    source: hosted
    version: "1.0.0"
  analyzer:
    dependency: transitive
    description:
      name: analyzer
      sha256: "REDACTED_TOKEN"
      url: "https://pub.dev"
    source: hosted
    version: "6.11.0"
  antlr4:
    dependency: transitive
    description:
      name: antlr4
      sha256: "REDACTED_TOKEN"
      url: "https://pub.dev"
    source: hosted
    version: "4.13.2"
  args:
    dependency: transitive
    description:
      name: args
      sha256: REDACTED_TOKEN
      url: "https://pub.dev"
    source: hosted
    version: "2.7.0"
  asn1lib:
    dependency: transitive
    description:
      name: asn1lib
      sha256: "REDACTED_TOKEN"
      url: "https://pub.dev"
    source: hosted
    version: "1.6.5"
  async:
    dependency: "direct main"
    description:
      name: async
      sha256: "REDACTED_TOKEN"
      url: "https://pub.dev"
    source: hosted
    version: "2.13.0"
  boolean_selector:
    dependency: transitive
    description:
      name: boolean_selector
      sha256: "REDACTED_TOKEN"
      url: "https://pub.dev"
    source: hosted
    version: "2.1.2"
  build:
    dependency: transitive
    description:
      name: build
      sha256: REDACTED_TOKEN
      url: "https://pub.dev"
    source: hosted
    version: "2.4.2"
  build_config:
    dependency: transitive
    description:
      name: build_config
      sha256: "REDACTED_TOKEN"
      url: "https://pub.dev"
    source: hosted
    version: "1.1.2"
  build_daemon:
    dependency: transitive
    description:
      name: build_daemon
      sha256: "REDACTED_TOKEN"
      url: "https://pub.dev"
    source: hosted
    version: "4.0.4"
  build_resolvers:
    dependency: transitive
    description:
      name: build_resolvers
      sha256: REDACTED_TOKEN
      url: "https://pub.dev"
    source: hosted
    version: "2.4.4"
  build_runner:
    dependency: "direct dev"
    description:
      name: build_runner
      sha256: "REDACTED_TOKEN"
      url: "https://pub.dev"
    source: hosted
    version: "2.4.15"
  build_runner_core:
    dependency: transitive
    description:
      name: build_runner_core
      sha256: "REDACTED_TOKEN"
      url: "https://pub.dev"
    source: hosted
    version: "8.0.0"
  built_collection:
    dependency: transitive
    description:
      name: built_collection
      sha256: "REDACTED_TOKEN"
      url: "https://pub.dev"
    source: hosted
    version: "5.1.1"
  built_value:
    dependency: transitive
    description:
      name: built_value
      sha256: "REDACTED_TOKEN"
      url: "https://pub.dev"
    source: hosted
    version: "8.10.1"
  cel:
    dependency: transitive
    description:
      name: cel
      sha256: "REDACTED_TOKEN"
      url: "https://pub.dev"
    source: hosted
    version: "0.5.3"
  characters:
    dependency: transitive
    description:
      name: characters
      sha256: REDACTED_TOKEN
      url: "https://pub.dev"
    source: hosted
    version: "1.4.0"
  checked_yaml:
    dependency: transitive
    description:
      name: checked_yaml
      sha256: REDACTED_TOKEN
      url: "https://pub.dev"
    source: hosted
    version: "2.0.3"
  clock:
    dependency: transitive
    description:
      name: clock
      sha256: REDACTED_TOKEN
      url: "https://pub.dev"
    source: hosted
    version: "1.1.2"
  cloud_firestore:
    dependency: "direct main"
    description:
      name: cloud_firestore
      sha256: "REDACTED_TOKEN"
      url: "https://pub.dev"
    source: hosted
    version: "5.6.10"
  REDACTED_TOKEN:
    dependency: "direct dev"
    description:
      name: REDACTED_TOKEN
      sha256: "REDACTED_TOKEN"
      url: "https://pub.dev"
    source: hosted
    version: "6.6.10"
  cloud_firestore_web:
    dependency: transitive
    description:
      name: cloud_firestore_web
      sha256: "REDACTED_TOKEN"
      url: "https://pub.dev"
    source: hosted
    version: "4.4.10"
  cloud_functions:
    dependency: "direct main"
    description:
      name: cloud_functions
      sha256: "REDACTED_TOKEN"
      url: "https://pub.dev"
    source: hosted
    version: "5.6.0"
  REDACTED_TOKEN:
    dependency: transitive
    description:
      name: REDACTED_TOKEN
      sha256: REDACTED_TOKEN
      url: "https://pub.dev"
    source: hosted
    version: "5.8.0"
  cloud_functions_web:
    dependency: transitive
    description:
      name: cloud_functions_web
      sha256: REDACTED_TOKEN
      url: "https://pub.dev"
    source: hosted
    version: "4.11.3"
  code_builder:
    dependency: transitive
    description:
      name: code_builder
      sha256: "REDACTED_TOKEN"
      url: "https://pub.dev"
    source: hosted
    version: "4.10.1"
  collection:
    dependency: transitive
    description:
      name: collection
      sha256: "REDACTED_TOKEN"
      url: "https://pub.dev"
    source: hosted
    version: "1.19.1"
  connectivity_plus:
    dependency: "direct main"
    description:
      name: connectivity_plus
      sha256: "REDACTED_TOKEN"
      url: "https://pub.dev"
    source: hosted
    version: "4.0.2"
  REDACTED_TOKEN:
    dependency: transitive
    description:
      name: REDACTED_TOKEN
      sha256: REDACTED_TOKEN
      url: "https://pub.dev"
    source: hosted
    version: "1.2.4"
  convert:
    dependency: transitive
    description:
      name: convert
      sha256: REDACTED_TOKEN
      url: "https://pub.dev"
    source: hosted
    version: "3.1.2"
  cross_file:
    dependency: transitive
    description:
      name: cross_file
      sha256: "REDACTED_TOKEN"
      url: "https://pub.dev"
    source: hosted
    version: "0.3.4+2"
  crypto:
    dependency: "direct main"
    description:
      name: crypto
      sha256: "REDACTED_TOKEN"
      url: "https://pub.dev"
    source: hosted
    version: "3.0.6"
  csslib:
    dependency: transitive
    description:
      name: csslib
      sha256: "REDACTED_TOKEN"
      url: "https://pub.dev"
    source: hosted
    version: "1.0.2"
  csv:
    dependency: "direct main"
    description:
      name: csv
      sha256: REDACTED_TOKEN
      url: "https://pub.dev"
    source: hosted
    version: "6.0.0"
  dart_jsonwebtoken:
    dependency: transitive
    description:
      name: dart_jsonwebtoken
      sha256: "REDACTED_TOKEN"
      url: "https://pub.dev"
    source: hosted
    version: "2.17.0"
  dart_style:
    dependency: transitive
    description:
      name: dart_style
      sha256: "REDACTED_TOKEN"
      url: "https://pub.dev"
    source: hosted
    version: "2.3.8"
  dbus:
    dependency: transitive
    description:
      name: dbus
      sha256: "REDACTED_TOKEN"
      url: "https://pub.dev"
    source: hosted
    version: "0.7.11"
  desktop_webview_window:
    dependency: transitive
    description:
      name: desktop_webview_window
      sha256: "REDACTED_TOKEN"
      url: "https://pub.dev"
    source: hosted
    version: "0.2.3"
  dio:
    dependency: "direct main"
    description:
      name: dio
      sha256: "REDACTED_TOKEN"
      url: "https://pub.dev"
    source: hosted
    version: "5.8.0+1"
  dio_web_adapter:
    dependency: transitive
    description:
      name: dio_web_adapter
      sha256: "REDACTED_TOKEN"
      url: "https://pub.dev"
    source: hosted
    version: "2.1.1"
  ed25519_edwards:
    dependency: transitive
    description:
      name: ed25519_edwards
      sha256: "REDACTED_TOKEN"
      url: "https://pub.dev"
    source: hosted
    version: "0.3.1"
  encrypt:
    dependency: "direct main"
    description:
      name: encrypt
      sha256: "REDACTED_TOKEN"
      url: "https://pub.dev"
    source: hosted
    version: "5.0.3"
  equatable:
    dependency: "direct main"
    description:
      name: equatable
      sha256: "REDACTED_TOKEN"
      url: "https://pub.dev"
    source: hosted
    version: "2.0.7"
  fake_async:
    dependency: transitive
    description:
      name: fake_async
      sha256: "REDACTED_TOKEN"
      url: "https://pub.dev"
    source: hosted
    version: "1.3.3"
  fake_cloud_firestore:
    dependency: "direct dev"
    description:
      name: fake_cloud_firestore
      sha256: "REDACTED_TOKEN"
      url: "https://pub.dev"
    source: hosted
    version: "3.1.0"
  fake_firebase_security_rules:
    dependency: transitive
    description:
      name: fake_firebase_security_rules
      sha256: "REDACTED_TOKEN"
      url: "https://pub.dev"
    source: hosted
    version: "0.5.3"
  ffi:
    dependency: transitive
    description:
      name: ffi
      sha256: "REDACTED_TOKEN"
      url: "https://pub.dev"
    source: hosted
    version: "2.1.3"
  file:
    dependency: transitive
    description:
      name: file
      sha256: REDACTED_TOKEN
      url: "https://pub.dev"
    source: hosted
    version: "7.0.1"
  file_picker:
    dependency: "direct main"
    description:
      name: file_picker
      sha256: REDACTED_TOKEN
      url: "https://pub.dev"
    source: hosted
    version: "10.2.0"
  file_selector_linux:
    dependency: transitive
    description:
      name: file_selector_linux
      sha256: "REDACTED_TOKEN"
      url: "https://pub.dev"
    source: hosted
    version: "0.9.3+2"
  file_selector_macos:
    dependency: transitive
    description:
      name: file_selector_macos
      sha256: "REDACTED_TOKEN"
      url: "https://pub.dev"
    source: hosted
    version: "0.9.4+3"
  REDACTED_TOKEN:
    dependency: transitive
    description:
      name: REDACTED_TOKEN
      sha256: REDACTED_TOKEN
      url: "https://pub.dev"
    source: hosted
    version: "2.6.2"
  file_selector_windows:
    dependency: transitive
    description:
      name: file_selector_windows
      sha256: "REDACTED_TOKEN"
      url: "https://pub.dev"
    source: hosted
    version: "0.9.3+4"
  firebase_analytics:
    dependency: "direct main"
    description:
      name: firebase_analytics
      sha256: REDACTED_TOKEN
      url: "https://pub.dev"
    source: hosted
    version: "11.5.1"
  REDACTED_TOKEN:
    dependency: transitive
    description:
      name: REDACTED_TOKEN
      sha256: REDACTED_TOKEN
      url: "https://pub.dev"
    source: hosted
    version: "4.4.1"
  firebase_analytics_web:
    dependency: transitive
    description:
      name: firebase_analytics_web
      sha256: "REDACTED_TOKEN"
      url: "https://pub.dev"
    source: hosted
    version: "0.5.10+14"
  firebase_app_check:
    dependency: "direct main"
    description:
      name: firebase_app_check
      sha256: "REDACTED_TOKEN"
      url: "https://pub.dev"
    source: hosted
    version: "0.3.2+8"
  REDACTED_TOKEN:
    dependency: transitive
    description:
      name: REDACTED_TOKEN
      sha256: REDACTED_TOKEN
      url: "https://pub.dev"
    source: hosted
    version: "0.1.1+8"
  firebase_app_check_web:
    dependency: transitive
    description:
      name: firebase_app_check_web
      sha256: "REDACTED_TOKEN"
      url: "https://pub.dev"
    source: hosted
    version: "0.2.0+12"
  firebase_auth:
    dependency: "direct main"
    description:
      name: firebase_auth
      sha256: "REDACTED_TOKEN"
      url: "https://pub.dev"
    source: hosted
    version: "5.6.1"
  firebase_auth_mocks:
    dependency: "direct dev"
    description:
      name: firebase_auth_mocks
      sha256: "REDACTED_TOKEN"
      url: "https://pub.dev"
    source: hosted
    version: "0.14.1"
  REDACTED_TOKEN:
    dependency: "direct dev"
    description:
      name: REDACTED_TOKEN
      sha256: "REDACTED_TOKEN"
      url: "https://pub.dev"
    source: hosted
    version: "7.7.1"
  firebase_auth_web:
    dependency: transitive
    description:
      name: firebase_auth_web
      sha256: "REDACTED_TOKEN"
      url: "https://pub.dev"
    source: hosted
    version: "5.15.1"
  firebase_core:
    dependency: "direct main"
    description:
      name: firebase_core
      sha256: "REDACTED_TOKEN"
      url: "https://pub.dev"
    source: hosted
    version: "3.15.0"
  REDACTED_TOKEN:
    dependency: "direct dev"
    description:
      name: REDACTED_TOKEN
      sha256: "REDACTED_TOKEN"
      url: "https://pub.dev"
    source: hosted
    version: "5.4.1"
  firebase_core_web:
    dependency: transitive
    description:
      name: firebase_core_web
      sha256: REDACTED_TOKEN
      url: "https://pub.dev"
    source: hosted
    version: "2.24.0"
  firebase_crashlytics:
    dependency: "direct main"
    description:
      name: firebase_crashlytics
      sha256: "REDACTED_TOKEN"
      url: "https://pub.dev"
    source: hosted
    version: "4.3.8"
  REDACTED_TOKEN:
    dependency: "direct dev"
    description:
      name: REDACTED_TOKEN
      sha256: "REDACTED_TOKEN"
      url: "https://pub.dev"
    source: hosted
    version: "3.8.8"
  firebase_messaging:
    dependency: "direct main"
    description:
      name: firebase_messaging
      sha256: REDACTED_TOKEN
      url: "https://pub.dev"
    source: hosted
    version: "15.2.8"
  REDACTED_TOKEN:
    dependency: transitive
    description:
      name: REDACTED_TOKEN
      sha256: "REDACTED_TOKEN"
      url: "https://pub.dev"
    source: hosted
    version: "4.6.8"
  firebase_messaging_web:
    dependency: transitive
    description:
      name: firebase_messaging_web
      sha256: "REDACTED_TOKEN"
      url: "https://pub.dev"
    source: hosted
    version: "3.10.8"
  firebase_performance:
    dependency: "direct main"
    description:
      name: firebase_performance
      sha256: REDACTED_TOKEN
      url: "https://pub.dev"
    source: hosted
    version: "0.10.1+8"
  REDACTED_TOKEN:
    dependency: transitive
    description:
      name: REDACTED_TOKEN
      sha256: "REDACTED_TOKEN"
      url: "https://pub.dev"
    source: hosted
    version: "0.1.5+8"
  firebase_performance_web:
    dependency: transitive
    description:
      name: firebase_performance_web
      sha256: "REDACTED_TOKEN"
      url: "https://pub.dev"
    source: hosted
    version: "0.1.7+14"
  firebase_remote_config:
    dependency: "direct main"
    description:
      name: firebase_remote_config
      sha256: "REDACTED_TOKEN"
      url: "https://pub.dev"
    source: hosted
    version: "5.4.6"
  REDACTED_TOKEN:
    dependency: transitive
    description:
      name: REDACTED_TOKEN
      sha256: REDACTED_TOKEN
      url: "https://pub.dev"
    source: hosted
    version: "1.5.6"
  firebase_remote_config_web:
    dependency: transitive
    description:
      name: firebase_remote_config_web
      sha256: REDACTED_TOKEN
      url: "https://pub.dev"
    source: hosted
    version: "1.8.6"
  firebase_storage:
    dependency: "direct main"
    description:
      name: firebase_storage
      sha256: "REDACTED_TOKEN"
      url: "https://pub.dev"
    source: hosted
    version: "12.4.8"
  REDACTED_TOKEN:
    dependency: transitive
    description:
      name: REDACTED_TOKEN
      sha256: REDACTED_TOKEN
      url: "https://pub.dev"
    source: hosted
    version: "5.2.8"
  firebase_storage_web:
    dependency: transitive
    description:
      name: firebase_storage_web
      sha256: "REDACTED_TOKEN"
      url: "https://pub.dev"
    source: hosted
    version: "3.10.15"
  fixnum:
    dependency: transitive
    description:
      name: fixnum
      sha256: REDACTED_TOKEN
      url: "https://pub.dev"
    source: hosted
    version: "1.1.1"
  fl_chart:
    dependency: "direct main"
    description:
      name: fl_chart
      sha256: REDACTED_TOKEN
      url: "https://pub.dev"
    source: hosted
    version: "0.68.0"
  flutter:
    dependency: "direct main"
    description: flutter
    source: sdk
    version: "0.0.0"
  flutter_dotenv:
    dependency: "direct main"
    description:
      name: flutter_dotenv
      sha256: REDACTED_TOKEN
      url: "https://pub.dev"
    source: hosted
    version: "5.2.1"
  flutter_driver:
    dependency: transitive
    description: flutter
    source: sdk
    version: "0.0.0"
  flutter_lints:
    dependency: "direct dev"
    description:
      name: flutter_lints
      sha256: "REDACTED_TOKEN"
      url: "https://pub.dev"
    source: hosted
    version: "4.0.0"
  flutter_local_notifications:
    dependency: "direct main"
    description:
      name: flutter_local_notifications
      sha256: REDACTED_TOKEN
      url: "https://pub.dev"
    source: hosted
    version: "19.3.0"
  REDACTED_TOKEN:
    dependency: transitive
    description:
      name: REDACTED_TOKEN
      sha256: REDACTED_TOKEN
      url: "https://pub.dev"
    source: hosted
    version: "6.0.0"
  REDACTED_TOKEN:
    dependency: transitive
    description:
      name: REDACTED_TOKEN
      sha256: "REDACTED_TOKEN"
      url: "https://pub.dev"
    source: hosted
    version: "9.1.0"
  REDACTED_TOKEN:
    dependency: transitive
    description:
      name: REDACTED_TOKEN
      sha256: REDACTED_TOKEN
      url: "https://pub.dev"
    source: hosted
    version: "1.0.0"
  flutter_localizations:
    dependency: "direct main"
    description: flutter
    source: sdk
    version: "0.0.0"
  REDACTED_TOKEN:
    dependency: transitive
    description:
      name: REDACTED_TOKEN
      sha256: REDACTED_TOKEN
      url: "https://pub.dev"
    source: hosted
    version: "2.0.28"
  flutter_riverpod:
    dependency: "direct main"
    description:
      name: flutter_riverpod
      sha256: "REDACTED_TOKEN"
      url: "https://pub.dev"
    source: hosted
    version: "2.6.1"
  flutter_secure_storage:
    dependency: "direct main"
    description:
      name: flutter_secure_storage
      sha256: REDACTED_TOKEN
      url: "https://pub.dev"
    source: hosted
    version: "10.0.0-beta.4"
  flutter_secure_storage_darwin:
    dependency: transitive
    description:
      name: flutter_secure_storage_darwin
      sha256: REDACTED_TOKEN
      url: "https://pub.dev"
    source: hosted
    version: "0.1.0"
  flutter_secure_storage_linux:
    dependency: transitive
    description:
      name: flutter_secure_storage_linux
      sha256: "REDACTED_TOKEN"
      url: "https://pub.dev"
    source: hosted
    version: "2.0.1"
  REDACTED_TOKEN:
    dependency: transitive
    description:
      name: REDACTED_TOKEN
      sha256: "REDACTED_TOKEN"
      url: "https://pub.dev"
    source: hosted
    version: "2.0.1"
  flutter_secure_storage_web:
    dependency: transitive
    description:
      name: flutter_secure_storage_web
      sha256: "REDACTED_TOKEN"
      url: "https://pub.dev"
    source: hosted
    version: "2.0.0"
  flutter_secure_storage_windows:
    dependency: transitive
    description:
      name: flutter_secure_storage_windows
      sha256: REDACTED_TOKEN
      url: "https://pub.dev"
    source: hosted
    version: "4.0.0"
  flutter_stripe:
    dependency: "direct main"
    description:
      name: flutter_stripe
      sha256: REDACTED_TOKEN
      url: "https://pub.dev"
    source: hosted
    version: "11.5.0"
  flutter_test:
    dependency: "direct dev"
    description: flutter
    source: sdk
    version: "0.0.0"
  flutter_web_auth_2:
    dependency: "direct main"
    description:
      name: flutter_web_auth_2
      sha256: "REDACTED_TOKEN"
      url: "https://pub.dev"
    source: hosted
    version: "4.1.0"
  REDACTED_TOKEN:
    dependency: transitive
    description:
      name: REDACTED_TOKEN
      sha256: REDACTED_TOKEN
      url: "https://pub.dev"
    source: hosted
    version: "4.1.0"
  flutter_web_plugins:
    dependency: transitive
    description: flutter
    source: sdk
    version: "0.0.0"
  freezed:
    dependency: "direct dev"
    description:
      name: freezed
      sha256: "REDACTED_TOKEN"
      url: "https://pub.dev"
    source: hosted
    version: "2.5.7"
  freezed_annotation:
    dependency: "direct main"
    description:
      name: freezed_annotation
      sha256: REDACTED_TOKEN
      url: "https://pub.dev"
    source: hosted
    version: "2.4.4"
  frontend_server_client:
    dependency: transitive
    description:
      name: frontend_server_client
      sha256: REDACTED_TOKEN
      url: "https://pub.dev"
    source: hosted
    version: "4.0.0"
  fuchsia_remote_debug_protocol:
    dependency: transitive
    description: flutter
    source: sdk
    version: "0.0.0"
  geoclue:
    dependency: transitive
    description:
      name: geoclue
      sha256: REDACTED_TOKEN
      url: "https://pub.dev"
    source: hosted
    version: "0.1.1"
  geolocator:
    dependency: "direct main"
    description:
      name: geolocator
      sha256: "REDACTED_TOKEN"
      url: "https://pub.dev"
    source: hosted
    version: "14.0.2"
  geolocator_android:
    dependency: transitive
    description:
      name: geolocator_android
      sha256: "REDACTED_TOKEN"
      url: "https://pub.dev"
    source: hosted
    version: "5.0.2"
  geolocator_apple:
    dependency: transitive
    description:
      name: geolocator_apple
      sha256: REDACTED_TOKEN
      url: "https://pub.dev"
    source: hosted
    version: "2.3.13"
  geolocator_linux:
    dependency: transitive
    description:
      name: geolocator_linux
      sha256: REDACTED_TOKEN
      url: "https://pub.dev"
    source: hosted
    version: "0.2.3"
  geolocator_platform_interface:
    dependency: transitive
    description:
      name: geolocator_platform_interface
      sha256: "REDACTED_TOKEN"
      url: "https://pub.dev"
    source: hosted
    version: "4.2.6"
  geolocator_web:
    dependency: transitive
    description:
      name: geolocator_web
      sha256: REDACTED_TOKEN
      url: "https://pub.dev"
    source: hosted
    version: "4.1.3"
  geolocator_windows:
    dependency: transitive
    description:
      name: geolocator_windows
      sha256: "REDACTED_TOKEN"
      url: "https://pub.dev"
    source: hosted
    version: "0.2.5"
  glob:
    dependency: transitive
    description:
      name: glob
      sha256: REDACTED_TOKEN
      url: "https://pub.dev"
    source: hosted
    version: "2.1.3"
  go_router:
    dependency: "direct main"
    description:
      name: go_router
      sha256: REDACTED_TOKEN
      url: "https://pub.dev"
    source: hosted
    version: "14.8.1"
  google_identity_services_web:
    dependency: transitive
    description:
      name: google_identity_services_web
      sha256: "REDACTED_TOKEN"
      url: "https://pub.dev"
    source: hosted
    version: "0.3.3+1"
  google_maps:
    dependency: transitive
    description:
      name: google_maps
      sha256: "REDACTED_TOKEN"
      url: "https://pub.dev"
    source: hosted
    version: "8.1.1"
  google_maps_flutter:
    dependency: "direct main"
    description:
      name: google_maps_flutter
      sha256: REDACTED_TOKEN
      url: "https://pub.dev"
    source: hosted
    version: "2.12.3"
  google_maps_flutter_android:
    dependency: transitive
    description:
      name: google_maps_flutter_android
      sha256: "REDACTED_TOKEN"
      url: "https://pub.dev"
    source: hosted
    version: "2.16.2"
  google_maps_flutter_ios:
    dependency: transitive
    description:
      name: google_maps_flutter_ios
      sha256: REDACTED_TOKEN
      url: "https://pub.dev"
    source: hosted
    version: "2.15.4"
  REDACTED_TOKEN:
    dependency: transitive
    description:
      name: REDACTED_TOKEN
      sha256: REDACTED_TOKEN
      url: "https://pub.dev"
    source: hosted
    version: "2.12.1"
  google_maps_flutter_web:
    dependency: transitive
    description:
      name: google_maps_flutter_web
      sha256: REDACTED_TOKEN
      url: "https://pub.dev"
    source: hosted
    version: "0.5.12+2"
  google_mobile_ads:
    dependency: "direct main"
    description:
      name: google_mobile_ads
      sha256: REDACTED_TOKEN
      url: "https://pub.dev"
    source: hosted
    version: "6.0.0"
  googleapis:
    dependency: "direct main"
    description:
      name: googleapis
      sha256: "REDACTED_TOKEN"
      url: "https://pub.dev"
    source: hosted
    version: "14.0.0"
  googleapis_auth:
    dependency: "direct main"
    description:
      name: googleapis_auth
      sha256: REDACTED_TOKEN
      url: "https://pub.dev"
    source: hosted
    version: "2.0.0"
  graphs:
    dependency: transitive
    description:
      name: graphs
      sha256: "REDACTED_TOKEN"
      url: "https://pub.dev"
    source: hosted
    version: "2.3.2"
  gsettings:
    dependency: transitive
    description:
      name: gsettings
      sha256: "REDACTED_TOKEN"
      url: "https://pub.dev"
    source: hosted
    version: "0.2.8"
  hive:
    dependency: "direct main"
    description:
      name: hive
      sha256: "REDACTED_TOKEN"
      url: "https://pub.dev"
    source: hosted
    version: "2.2.3"
  hive_flutter:
    dependency: "direct main"
    description:
      name: hive_flutter
      sha256: REDACTED_TOKEN
      url: "https://pub.dev"
    source: hosted
    version: "1.1.0"
  hive_generator:
    dependency: "direct dev"
    description:
      name: hive_generator
      sha256: "REDACTED_TOKEN"
      url: "https://pub.dev"
    source: hosted
    version: "2.0.1"
  hive_test:
    dependency: "direct dev"
    description:
      name: hive_test
      sha256: REDACTED_TOKEN
      url: "https://pub.dev"
    source: hosted
    version: "1.0.1"
  html:
    dependency: transitive
    description:
      name: html
      sha256: "REDACTED_TOKEN"
      url: "https://pub.dev"
    source: hosted
    version: "0.15.6"
  http:
    dependency: "direct main"
    description:
      name: http
      sha256: "REDACTED_TOKEN"
      url: "https://pub.dev"
    source: hosted
    version: "1.4.0"
  http_multi_server:
    dependency: transitive
    description:
      name: http_multi_server
      sha256: REDACTED_TOKEN
      url: "https://pub.dev"
    source: hosted
    version: "3.2.2"
  http_parser:
    dependency: transitive
    description:
      name: http_parser
      sha256: "REDACTED_TOKEN"
      url: "https://pub.dev"
    source: hosted
    version: "4.1.2"
  image_picker:
    dependency: "direct main"
    description:
      name: image_picker
      sha256: "REDACTED_TOKEN"
      url: "https://pub.dev"
    source: hosted
    version: "1.1.2"
  image_picker_android:
    dependency: transitive
    description:
      name: image_picker_android
      sha256: "REDACTED_TOKEN"
      url: "https://pub.dev"
    source: hosted
    version: "0.8.12+23"
  image_picker_for_web:
    dependency: transitive
    description:
      name: image_picker_for_web
      sha256: "REDACTED_TOKEN"
      url: "https://pub.dev"
    source: hosted
    version: "3.0.6"
  image_picker_ios:
    dependency: transitive
    description:
      name: image_picker_ios
      sha256: "REDACTED_TOKEN"
      url: "https://pub.dev"
    source: hosted
    version: "0.8.12+2"
  image_picker_linux:
    dependency: transitive
    description:
      name: image_picker_linux
      sha256: "REDACTED_TOKEN"
      url: "https://pub.dev"
    source: hosted
    version: "0.2.1+2"
  image_picker_macos:
    dependency: transitive
    description:
      name: image_picker_macos
      sha256: "REDACTED_TOKEN"
      url: "https://pub.dev"
    source: hosted
    version: "0.2.1+2"
  image_picker_platform_interface:
    dependency: transitive
    description:
      name: image_picker_platform_interface
      sha256: "REDACTED_TOKEN"
      url: "https://pub.dev"
    source: hosted
    version: "2.10.1"
  image_picker_windows:
    dependency: transitive
    description:
      name: image_picker_windows
      sha256: "REDACTED_TOKEN"
      url: "https://pub.dev"
    source: hosted
    version: "0.2.1+1"
  integration_test:
    dependency: "direct dev"
    description: flutter
    source: sdk
    version: "0.0.0"
  intl:
    dependency: "direct main"
    description:
      name: intl
      sha256: "REDACTED_TOKEN"
      url: "https://pub.dev"
    source: hosted
    version: "0.20.2"
  io:
    dependency: transitive
    description:
      name: io
      sha256: REDACTED_TOKEN
      url: "https://pub.dev"
    source: hosted
    version: "1.0.5"
  js:
    dependency: transitive
    description:
      name: js
      sha256: REDACTED_TOKEN
      url: "https://pub.dev"
    source: hosted
    version: "0.6.7"
  json_annotation:
    dependency: "direct main"
    description:
      name: json_annotation
      sha256: "REDACTED_TOKEN"
      url: "https://pub.dev"
    source: hosted
    version: "4.9.0"
  json_serializable:
    dependency: "direct dev"
    description:
      name: json_serializable
      sha256: REDACTED_TOKEN
      url: "https://pub.dev"
    source: hosted
    version: "6.9.0"
  leak_tracker:
    dependency: transitive
    description:
      name: leak_tracker
      sha256: "REDACTED_TOKEN"
      url: "https://pub.dev"
    source: hosted
    version: "10.0.9"
  leak_tracker_flutter_testing:
    dependency: transitive
    description:
      name: leak_tracker_flutter_testing
      sha256: REDACTED_TOKEN
      url: "https://pub.dev"
    source: hosted
    version: "3.0.9"
  leak_tracker_testing:
    dependency: transitive
    description:
      name: leak_tracker_testing
      sha256: "REDACTED_TOKEN"
      url: "https://pub.dev"
    source: hosted
    version: "3.0.1"
  lints:
    dependency: transitive
    description:
      name: lints
      sha256: "REDACTED_TOKEN"
      url: "https://pub.dev"
    source: hosted
    version: "4.0.0"
  logger:
    dependency: transitive
    description:
      name: logger
      sha256: "REDACTED_TOKEN"
      url: "https://pub.dev"
    source: hosted
    version: "2.6.0"
  logging:
    dependency: transitive
    description:
      name: logging
      sha256: REDACTED_TOKEN
      url: "https://pub.dev"
    source: hosted
    version: "1.3.0"
  macros:
    dependency: transitive
    description:
      name: macros
      sha256: "REDACTED_TOKEN"
      url: "https://pub.dev"
    source: hosted
    version: "0.1.3-main.0"
  mailer:
    dependency: "direct main"
    description:
      name: mailer
      sha256: REDACTED_TOKEN
      url: "https://pub.dev"
    source: hosted
    version: "6.4.1"
  matcher:
    dependency: transitive
    description:
      name: matcher
      sha256: REDACTED_TOKEN
      url: "https://pub.dev"
    source: hosted
    version: "0.12.17"
  material_color_utilities:
    dependency: transitive
    description:
      name: material_color_utilities
      sha256: REDACTED_TOKEN
      url: "https://pub.dev"
    source: hosted
    version: "0.11.1"
  meta:
    dependency: transitive
    description:
      name: meta
      sha256: REDACTED_TOKEN
      url: "https://pub.dev"
    source: hosted
    version: "1.16.0"
  mime:
    dependency: transitive
    description:
      name: mime
      sha256: "REDACTED_TOKEN"
      url: "https://pub.dev"
    source: hosted
    version: "2.0.0"
  mock_exceptions:
    dependency: transitive
    description:
      name: mock_exceptions
      sha256: "REDACTED_TOKEN"
      url: "https://pub.dev"
    source: hosted
    version: "0.8.2"
  mockito:
    dependency: "direct dev"
    description:
      name: mockito
      sha256: REDACTED_TOKEN
      url: "https://pub.dev"
    source: hosted
    version: "5.4.5"
  mocktail:
    dependency: "direct dev"
    description:
      name: mocktail
      sha256: "REDACTED_TOKEN"
      url: "https://pub.dev"
    source: hosted
    version: "1.0.4"
  more:
    dependency: transitive
    description:
      name: more
      sha256: "REDACTED_TOKEN"
      url: "https://pub.dev"
    source: hosted
    version: "4.4.0"
  nm:
    dependency: transitive
    description:
      name: nm
      sha256: "REDACTED_TOKEN"
      url: "https://pub.dev"
    source: hosted
    version: "0.5.0"
  package_config:
    dependency: transitive
    description:
      name: package_config
      sha256: REDACTED_TOKEN
      url: "https://pub.dev"
    source: hosted
    version: "2.2.0"
  package_info_plus:
    dependency: transitive
    description:
      name: package_info_plus
      sha256: "REDACTED_TOKEN"
      url: "https://pub.dev"
    source: hosted
    version: "8.3.0"
  REDACTED_TOKEN:
    dependency: transitive
    description:
      name: REDACTED_TOKEN
      sha256: "REDACTED_TOKEN"
      url: "https://pub.dev"
    source: hosted
    version: "3.2.0"
  path:
    dependency: transitive
    description:
      name: path
      sha256: "REDACTED_TOKEN"
      url: "https://pub.dev"
    source: hosted
    version: "1.9.1"
  path_provider:
    dependency: transitive
    description:
      name: path_provider
      sha256: "REDACTED_TOKEN"
      url: "https://pub.dev"
    source: hosted
    version: "2.1.5"
  path_provider_android:
    dependency: transitive
    description:
      name: path_provider_android
      sha256: REDACTED_TOKEN
      url: "https://pub.dev"
    source: hosted
    version: "2.2.17"
  path_provider_foundation:
    dependency: transitive
    description:
      name: path_provider_foundation
      sha256: "REDACTED_TOKEN"
      url: "https://pub.dev"
    source: hosted
    version: "2.4.1"
  path_provider_linux:
    dependency: transitive
    description:
      name: path_provider_linux
      sha256: REDACTED_TOKEN
      url: "https://pub.dev"
    source: hosted
    version: "2.2.1"
  REDACTED_TOKEN:
    dependency: transitive
    description:
      name: REDACTED_TOKEN
      sha256: "REDACTED_TOKEN"
      url: "https://pub.dev"
    source: hosted
    version: "2.1.2"
  path_provider_windows:
    dependency: transitive
    description:
      name: path_provider_windows
      sha256: REDACTED_TOKEN
      url: "https://pub.dev"
    source: hosted
    version: "2.3.0"
  petitparser:
    dependency: transitive
    description:
      name: petitparser
      sha256: REDACTED_TOKEN
      url: "https://pub.dev"
    source: hosted
    version: "6.0.2"
  platform:
    dependency: transitive
    description:
      name: platform
      sha256: "REDACTED_TOKEN"
      url: "https://pub.dev"
    source: hosted
    version: "3.1.6"
  plugin_platform_interface:
    dependency: "direct dev"
    description:
      name: plugin_platform_interface
      sha256: "REDACTED_TOKEN"
      url: "https://pub.dev"
    source: hosted
    version: "2.1.8"
  pointycastle:
    dependency: transitive
    description:
      name: pointycastle
      sha256: "REDACTED_TOKEN"
      url: "https://pub.dev"
    source: hosted
    version: "3.9.1"
  pool:
    dependency: transitive
    description:
      name: pool
      sha256: "REDACTED_TOKEN"
      url: "https://pub.dev"
    source: hosted
    version: "1.5.1"
  process:
    dependency: transitive
    description:
      name: process
      sha256: "REDACTED_TOKEN"
      url: "https://pub.dev"
    source: hosted
    version: "5.0.3"
  pub_semver:
    dependency: transitive
    description:
      name: pub_semver
      sha256: "REDACTED_TOKEN"
      url: "https://pub.dev"
    source: hosted
    version: "2.2.0"
  pubspec_parse:
    dependency: transitive
    description:
      name: pubspec_parse
      sha256: "REDACTED_TOKEN"
      url: "https://pub.dev"
    source: hosted
    version: "1.5.0"
  qr:
    dependency: transitive
    description:
      name: qr
      sha256: "REDACTED_TOKEN"
      url: "https://pub.dev"
    source: hosted
    version: "3.0.2"
  qr_flutter:
    dependency: "direct main"
    description:
      name: qr_flutter
      sha256: "REDACTED_TOKEN"
      url: "https://pub.dev"
    source: hosted
    version: "4.1.0"
  quiver:
    dependency: transitive
    description:
      name: quiver
      sha256: REDACTED_TOKEN
      url: "https://pub.dev"
    source: hosted
    version: "3.2.2"
  riverpod:
    dependency: transitive
    description:
      name: riverpod
      sha256: "REDACTED_TOKEN"
      url: "https://pub.dev"
    source: hosted
    version: "2.6.1"
  rx:
    dependency: transitive
    description:
      name: rx
      sha256: "REDACTED_TOKEN"
      url: "https://pub.dev"
    source: hosted
    version: "0.4.0"
  rxdart:
    dependency: transitive
    description:
      name: rxdart
      sha256: "REDACTED_TOKEN"
      url: "https://pub.dev"
    source: hosted
    version: "0.28.0"
  sanitize_html:
    dependency: transitive
    description:
      name: sanitize_html
      sha256: "REDACTED_TOKEN"
      url: "https://pub.dev"
    source: hosted
    version: "2.1.0"
  share_plus:
    dependency: "direct main"
    description:
      name: share_plus
      sha256: REDACTED_TOKEN
      url: "https://pub.dev"
    source: hosted
    version: "11.0.0"
  share_plus_platform_interface:
    dependency: transitive
    description:
      name: share_plus_platform_interface
      sha256: "REDACTED_TOKEN"
      url: "https://pub.dev"
    source: hosted
    version: "6.0.0"
  shared_preferences:
    dependency: "direct main"
    description:
      name: shared_preferences
      sha256: "REDACTED_TOKEN"
      url: "https://pub.dev"
    source: hosted
    version: "2.5.3"
  shared_preferences_android:
    dependency: transitive
    description:
      name: shared_preferences_android
      sha256: "REDACTED_TOKEN"
      url: "https://pub.dev"
    source: hosted
    version: "2.4.10"
  shared_preferences_foundation:
    dependency: transitive
    description:
      name: shared_preferences_foundation
      sha256: "REDACTED_TOKEN"
      url: "https://pub.dev"
    source: hosted
    version: "2.5.4"
  shared_preferences_linux:
    dependency: transitive
    description:
      name: shared_preferences_linux
      sha256: "REDACTED_TOKEN"
      url: "https://pub.dev"
    source: hosted
    version: "2.4.1"
  REDACTED_TOKEN:
    dependency: transitive
    description:
      name: REDACTED_TOKEN
      sha256: "REDACTED_TOKEN"
      url: "https://pub.dev"
    source: hosted
    version: "2.4.1"
  shared_preferences_web:
    dependency: transitive
    description:
      name: shared_preferences_web
      sha256: REDACTED_TOKEN
      url: "https://pub.dev"
    source: hosted
    version: "2.4.3"
  shared_preferences_windows:
    dependency: transitive
    description:
      name: shared_preferences_windows
      sha256: "REDACTED_TOKEN"
      url: "https://pub.dev"
    source: hosted
    version: "2.4.1"
  shelf:
    dependency: transitive
    description:
      name: shelf
      sha256: REDACTED_TOKEN
      url: "https://pub.dev"
    source: hosted
    version: "1.4.2"
  shelf_web_socket:
    dependency: transitive
    description:
      name: shelf_web_socket
      sha256: "REDACTED_TOKEN"
      url: "https://pub.dev"
    source: hosted
    version: "3.0.0"
  sky_engine:
    dependency: transitive
    description: flutter
    source: sdk
    version: "0.0.0"
  source_gen:
    dependency: transitive
    description:
      name: source_gen
      sha256: "REDACTED_TOKEN"
      url: "https://pub.dev"
    source: hosted
    version: "1.5.0"
  source_helper:
    dependency: transitive
    description:
      name: source_helper
      sha256: "REDACTED_TOKEN"
      url: "https://pub.dev"
    source: hosted
    version: "1.3.5"
  source_span:
    dependency: transitive
    description:
      name: source_span
      sha256: "REDACTED_TOKEN"
      url: "https://pub.dev"
    source: hosted
    version: "1.10.1"
  sprintf:
    dependency: transitive
    description:
      name: sprintf
      sha256: "REDACTED_TOKEN"
      url: "https://pub.dev"
    source: hosted
    version: "7.0.0"
  stack_trace:
    dependency: transitive
    description:
      name: stack_trace
      sha256: "REDACTED_TOKEN"
      url: "https://pub.dev"
    source: hosted
    version: "1.12.1"
  state_notifier:
    dependency: transitive
    description:
      name: state_notifier
      sha256: REDACTED_TOKEN
      url: "https://pub.dev"
    source: hosted
    version: "1.0.0"
  stream_channel:
    dependency: transitive
    description:
      name: stream_channel
      sha256: "REDACTED_TOKEN"
      url: "https://pub.dev"
    source: hosted
    version: "2.1.4"
  stream_transform:
    dependency: transitive
    description:
      name: stream_transform
      sha256: REDACTED_TOKEN
      url: "https://pub.dev"
    source: hosted
    version: "2.1.1"
  string_scanner:
    dependency: transitive
    description:
      name: string_scanner
      sha256: "REDACTED_TOKEN"
      url: "https://pub.dev"
    source: hosted
    version: "1.4.1"
  stripe_android:
    dependency: transitive
    description:
      name: stripe_android
      sha256: REDACTED_TOKEN
      url: "https://pub.dev"
    source: hosted
    version: "11.5.0"
  stripe_ios:
    dependency: transitive
    description:
      name: stripe_ios
      sha256: "REDACTED_TOKEN"
      url: "https://pub.dev"
    source: hosted
    version: "11.5.0"
  stripe_platform_interface:
    dependency: "direct main"
    description:
      name: stripe_platform_interface
      sha256: "REDACTED_TOKEN"
      url: "https://pub.dev"
    source: hosted
    version: "11.5.0"
  sync_http:
    dependency: transitive
    description:
      name: sync_http
      sha256: "REDACTED_TOKEN"
      url: "https://pub.dev"
    source: hosted
    version: "0.3.1"
  syncfusion_flutter_charts:
    dependency: "direct main"
    description:
      name: syncfusion_flutter_charts
      sha256: REDACTED_TOKEN
      url: "https://pub.dev"
    source: hosted
    version: "29.1.38"
  syncfusion_flutter_core:
    dependency: transitive
    description:
      name: syncfusion_flutter_core
      sha256: "REDACTED_TOKEN"
      url: "https://pub.dev"
    source: hosted
    version: "29.1.38"
  term_glyph:
    dependency: transitive
    description:
      name: term_glyph
      sha256: "REDACTED_TOKEN"
      url: "https://pub.dev"
    source: hosted
    version: "1.2.2"
  test_api:
    dependency: transitive
    description:
      name: test_api
      sha256: REDACTED_TOKEN
      url: "https://pub.dev"
    source: hosted
    version: "0.7.4"
  timezone:
    dependency: transitive
    description:
      name: timezone
      sha256: REDACTED_TOKEN
      url: "https://pub.dev"
    source: hosted
    version: "0.10.1"
  timing:
    dependency: transitive
    description:
      name: timing
      sha256: "REDACTED_TOKEN"
      url: "https://pub.dev"
    source: hosted
    version: "1.0.2"
  tuple:
    dependency: transitive
    description:
      name: tuple
      sha256: REDACTED_TOKEN
      url: "https://pub.dev"
    source: hosted
    version: "2.0.2"
  typed_data:
    dependency: transitive
    description:
      name: typed_data
      sha256: REDACTED_TOKEN
      url: "https://pub.dev"
    source: hosted
    version: "1.4.0"
  uni_links:
    dependency: "direct main"
    description:
      name: uni_links
      sha256: "REDACTED_TOKEN"
      url: "https://pub.dev"
    source: hosted
    version: "0.5.1"
  uni_links_platform_interface:
    dependency: transitive
    description:
      name: uni_links_platform_interface
      sha256: "REDACTED_TOKEN"
      url: "https://pub.dev"
    source: hosted
    version: "1.0.0"
  uni_links_web:
    dependency: transitive
    description:
      name: uni_links_web
      sha256: "REDACTED_TOKEN"
      url: "https://pub.dev"
    source: hosted
    version: "0.1.0"
  url_launcher:
    dependency: "direct main"
    description:
      name: url_launcher
      sha256: "REDACTED_TOKEN"
      url: "https://pub.dev"
    source: hosted
    version: "6.3.1"
  url_launcher_android:
    dependency: transitive
    description:
      name: url_launcher_android
      sha256: "REDACTED_TOKEN"
      url: "https://pub.dev"
    source: hosted
    version: "6.3.16"
  url_launcher_ios:
    dependency: transitive
    description:
      name: url_launcher_ios
      sha256: "REDACTED_TOKEN"
      url: "https://pub.dev"
    source: hosted
    version: "6.3.3"
  url_launcher_linux:
    dependency: transitive
    description:
      name: url_launcher_linux
      sha256: "REDACTED_TOKEN"
      url: "https://pub.dev"
    source: hosted
    version: "3.2.1"
  url_launcher_macos:
    dependency: transitive
    description:
      name: url_launcher_macos
      sha256: "REDACTED_TOKEN"
      url: "https://pub.dev"
    source: hosted
    version: "3.2.2"
  url_launcher_platform_interface:
    dependency: transitive
    description:
      name: url_launcher_platform_interface
      sha256: "REDACTED_TOKEN"
      url: "https://pub.dev"
    source: hosted
    version: "2.3.2"
  url_launcher_web:
    dependency: transitive
    description:
      name: url_launcher_web
      sha256: "REDACTED_TOKEN"
      url: "https://pub.dev"
    source: hosted
    version: "2.4.1"
  url_launcher_windows:
    dependency: transitive
    description:
      name: url_launcher_windows
      sha256: "REDACTED_TOKEN"
      url: "https://pub.dev"
    source: hosted
    version: "3.1.4"
  uuid:
    dependency: "direct main"
    description:
      name: uuid
      sha256: REDACTED_TOKEN
      url: "https://pub.dev"
    source: hosted
    version: "4.5.1"
  vector_math:
    dependency: transitive
    description:
      name: vector_math
      sha256: "REDACTED_TOKEN"
      url: "https://pub.dev"
    source: hosted
    version: "2.1.4"
  very_good_analysis:
    dependency: "direct dev"
    description:
      name: very_good_analysis
      sha256: "REDACTED_TOKEN"
      url: "https://pub.dev"
    source: hosted
    version: "6.0.0"
  vm_service:
    dependency: "direct dev"
    description:
      name: vm_service
      sha256: REDACTED_TOKEN
      url: "https://pub.dev"
    source: hosted
    version: "15.0.0"
  watcher:
    dependency: transitive
    description:
      name: watcher
      sha256: "REDACTED_TOKEN"
      url: "https://pub.dev"
    source: hosted
    version: "1.1.2"
  web:
    dependency: transitive
    description:
      name: web
      sha256: "REDACTED_TOKEN"
      url: "https://pub.dev"
    source: hosted
    version: "1.1.1"
  web_socket:
    dependency: transitive
    description:
      name: web_socket
      sha256: "REDACTED_TOKEN"
      url: "https://pub.dev"
    source: hosted
    version: "1.0.1"
  web_socket_channel:
    dependency: transitive
    description:
      name: web_socket_channel
      sha256: REDACTED_TOKEN
      url: "https://pub.dev"
    source: hosted
    version: "3.0.3"
  webdriver:
    dependency: transitive
    description:
      name: webdriver
      sha256: "REDACTED_TOKEN"
      url: "https://pub.dev"
    source: hosted
    version: "3.1.0"
  webview_flutter:
    dependency: "direct main"
    description:
      name: webview_flutter
      sha256: REDACTED_TOKEN
      url: "https://pub.dev"
    source: hosted
    version: "4.13.0"
  webview_flutter_android:
    dependency: transitive
    description:
      name: webview_flutter_android
      sha256: REDACTED_TOKEN
      url: "https://pub.dev"
    source: hosted
    version: "4.7.0"
  REDACTED_TOKEN:
    dependency: transitive
    description:
      name: REDACTED_TOKEN
      sha256: REDACTED_TOKEN
      url: "https://pub.dev"
    source: hosted
    version: "2.13.1"
  webview_flutter_wkwebview:
    dependency: transitive
    description:
      name: webview_flutter_wkwebview
      sha256: REDACTED_TOKEN
      url: "https://pub.dev"
    source: hosted
    version: "3.22.0"
  win32:
    dependency: transitive
    description:
      name: win32
      sha256: REDACTED_TOKEN
      url: "https://pub.dev"
    source: hosted
    version: "5.10.1"
  window_to_front:
    dependency: transitive
    description:
      name: window_to_front
      sha256: "REDACTED_TOKEN"
      url: "https://pub.dev"
    source: hosted
    version: "0.0.3"
  xdg_directories:
    dependency: transitive
    description:
      name: xdg_directories
      sha256: "REDACTED_TOKEN"
      url: "https://pub.dev"
    source: hosted
    version: "1.1.0"
  xml:
    dependency: transitive
    description:
      name: xml
      sha256: REDACTED_TOKEN
      url: "https://pub.dev"
    source: hosted
    version: "6.5.0"
  yaml:
    dependency: transitive
    description:
      name: yaml
      sha256: REDACTED_TOKEN
      url: "https://pub.dev"
    source: hosted
    version: "3.1.3"
sdks:
  dart: ">=3.7.0-0 <4.0.0"
  flutter: ">=3.27.0"
